
Microsoft Visual Studio Solution File, Format Version 12.00
# Visual Studio Version 16
VisualStudioVersion = 16.0.33423.256
MinimumVisualStudioVersion = 10.0.40219.1
Project("{FAE04EC0-301F-11D3-BF4B-00C04F79EFBC}") = "Spine2Mod", "Spine2Mod.csproj", "{7E2A7E74-8D16-4C0C-B0BF-F71A7BEB653D}"
EndProject
Global
	GlobalSection(SolutionConfigurationPlatforms) = preSolution
		Debug|Any CPU = Debug|Any CPU
		Release|Any CPU = Release|Any CPU
	EndGlobalSection
	GlobalSection(ProjectConfigurationPlatforms) = postSolution
		{7E2A7E74-8D16-4C0C-B0BF-F71A7BEB653D}.Debug|Any CPU.ActiveCfg = Debug|Any CPU
		{7E2A7E74-8D16-4C0C-B0BF-F71A7BEB653D}.Debug|Any CPU.Build.0 = Debug|Any CPU
		{7E2A7E74-8D16-4C0C-B0BF-F71A7BEB653D}.Release|Any CPU.ActiveCfg = Release|Any CPU
		{7E2A7E74-8D16-4C0C-B0BF-F71A7BEB653D}.Release|Any CPU.Build.0 = Release|Any CPU
	EndGlobalSection
	GlobalSection(SolutionProperties) = preSolution
		HideSolutionNode = FALSE
	EndGlobalSection
	GlobalSection(ExtensibilityGlobals) = postSolution
		SolutionGuid = {E0C65DD2-DDD3-4541-A4FB-3263F500FA83}
	EndGlobalSection
EndGlobal
